// !$*UTF8*$!
{
	archiveVersion = 1;
	classes = {
	};
	objectVersion = 56;
	objects = {

/* Begin PBXBuildFile section */
		A30200000000000000000001 /* App3_iOSApp.swift in Sources */ = {isa = PBXBuildFile; fileRef = A30100000000000000000001 /* App3_iOSApp.swift */; };
		A30200000000000000000002 /* DependencyContainer.swift in Sources */ = {isa = PBXBuildFile; fileRef = A30100000000000000000002 /* DependencyContainer.swift */; };
		A30200000000000000000003 /* City.swift in Sources */ = {isa = PBXBuildFile; fileRef = A30100000000000000000003 /* City.swift */; };
		A30200000000000000000004 /* WeatherCondition.swift in Sources */ = {isa = PBXBuildFile; fileRef = A30100000000000000000004 /* WeatherCondition.swift */; };
		A30200000000000000000005 /* CurrentWeather.swift in Sources */ = {isa = PBXBuildFile; fileRef = A30100000000000000000005 /* CurrentWeather.swift */; };
		A30200000000000000000006 /* DailyForecast.swift in Sources */ = {isa = PBXBuildFile; fileRef = A30100000000000000000006 /* DailyForecast.swift */; };
		A30200000000000000000007 /* WeeklyForecast.swift in Sources */ = {isa = PBXBuildFile; fileRef = A30100000000000000000007 /* WeeklyForecast.swift */; };
		A30200000000000000000008 /* WeatherRepositoryProtocol.swift in Sources */ = {isa = PBXBuildFile; fileRef = A30100000000000000000008 /* WeatherRepositoryProtocol.swift */; };
		A30200000000000000000009 /* WeatherSampleRepository.swift in Sources */ = {isa = PBXBuildFile; fileRef = A30100000000000000000009 /* WeatherSampleRepository.swift */; };
		A3020000000000000000000A /* WeatherServiceProtocol.swift in Sources */ = {isa = PBXBuildFile; fileRef = A3010000000000000000000A /* WeatherServiceProtocol.swift */; };
		A3020000000000000000000B /* WeatherService.swift in Sources */ = {isa = PBXBuildFile; fileRef = A3010000000000000000000B /* WeatherService.swift */; };
		A3020000000000000000000C /* CitySearchView.swift in Sources */ = {isa = PBXBuildFile; fileRef = A3010000000000000000000C /* CitySearchView.swift */; };
		A3020000000000000000000D /* CitySearchViewModel.swift in Sources */ = {isa = PBXBuildFile; fileRef = A3010000000000000000000D /* CitySearchViewModel.swift */; };
		A3020000000000000000000E /* CurrentWeatherView.swift in Sources */ = {isa = PBXBuildFile; fileRef = A3010000000000000000000E /* CurrentWeatherView.swift */; };
		A3020000000000000000000F /* CurrentWeatherViewModel.swift in Sources */ = {isa = PBXBuildFile; fileRef = A3010000000000000000000F /* CurrentWeatherViewModel.swift */; };
		A30200000000000000000010 /* ForecastView.swift in Sources */ = {isa = PBXBuildFile; fileRef = A30100000000000000000010 /* ForecastView.swift */; };
		A30200000000000000000011 /* ForecastViewModel.swift in Sources */ = {isa = PBXBuildFile; fileRef = A30100000000000000000011 /* ForecastViewModel.swift */; };
		A30200000000000000000012 /* Assets.xcassets in Resources */ = {isa = PBXBuildFile; fileRef = A30100000000000000000012 /* Assets.xcassets */; };
		A30200000000000000000013 /* MockWeatherRepository.swift in Sources */ = {isa = PBXBuildFile; fileRef = A30100000000000000000013 /* MockWeatherRepository.swift */; };
		A30200000000000000000014 /* MockWeatherService.swift in Sources */ = {isa = PBXBuildFile; fileRef = A30100000000000000000014 /* MockWeatherService.swift */; };
		A30200000000000000000015 /* WeatherRepositoryTests.swift in Sources */ = {isa = PBXBuildFile; fileRef = A30100000000000000000015 /* WeatherRepositoryTests.swift */; };
		A30200000000000000000016 /* WeatherServiceTests.swift in Sources */ = {isa = PBXBuildFile; fileRef = A30100000000000000000016 /* WeatherServiceTests.swift */; };
		A30200000000000000000017 /* CurrentWeatherViewModelTests.swift in Sources */ = {isa = PBXBuildFile; fileRef = A30100000000000000000017 /* CurrentWeatherViewModelTests.swift */; };
		A30200000000000000000018 /* ForecastViewModelTests.swift in Sources */ = {isa = PBXBuildFile; fileRef = A30100000000000000000018 /* ForecastViewModelTests.swift */; };
		A30200000000000000000019 /* CitySearchViewModelTests.swift in Sources */ = {isa = PBXBuildFile; fileRef = A30100000000000000000019 /* CitySearchViewModelTests.swift */; };
/* End PBXBuildFile section */

/* Begin PBXContainerItemProxy section */
		A30A00000000000000000001 /* PBXContainerItemProxy */ = {
			isa = PBXContainerItemProxy;
			containerPortal = A30800000000000000000001 /* Project object */;
			proxyType = 1;
			remoteGlobalIDString = A30500000000000000000001;
			remoteInfo = "App3-iOS";
		};
/* End PBXContainerItemProxy section */

/* Begin PBXFileReference section */
		A30100000000000000000001 /* App3_iOSApp.swift */ = {isa = PBXFileReference; lastKnownFileType = sourcecode.swift; path = App3_iOSApp.swift; sourceTree = "<group>"; };
		A30100000000000000000002 /* DependencyContainer.swift */ = {isa = PBXFileReference; lastKnownFileType = sourcecode.swift; path = DependencyContainer.swift; sourceTree = "<group>"; };
		A30100000000000000000003 /* City.swift */ = {isa = PBXFileReference; lastKnownFileType = sourcecode.swift; path = City.swift; sourceTree = "<group>"; };
		A30100000000000000000004 /* WeatherCondition.swift */ = {isa = PBXFileReference; lastKnownFileType = sourcecode.swift; path = WeatherCondition.swift; sourceTree = "<group>"; };
		A30100000000000000000005 /* CurrentWeather.swift */ = {isa = PBXFileReference; lastKnownFileType = sourcecode.swift; path = CurrentWeather.swift; sourceTree = "<group>"; };
		A30100000000000000000006 /* DailyForecast.swift */ = {isa = PBXFileReference; lastKnownFileType = sourcecode.swift; path = DailyForecast.swift; sourceTree = "<group>"; };
		A30100000000000000000007 /* WeeklyForecast.swift */ = {isa = PBXFileReference; lastKnownFileType = sourcecode.swift; path = WeeklyForecast.swift; sourceTree = "<group>"; };
		A30100000000000000000008 /* WeatherRepositoryProtocol.swift */ = {isa = PBXFileReference; lastKnownFileType = sourcecode.swift; path = WeatherRepositoryProtocol.swift; sourceTree = "<group>"; };
		A30100000000000000000009 /* WeatherSampleRepository.swift */ = {isa = PBXFileReference; lastKnownFileType = sourcecode.swift; path = WeatherSampleRepository.swift; sourceTree = "<group>"; };
		A3010000000000000000000A /* WeatherServiceProtocol.swift */ = {isa = PBXFileReference; lastKnownFileType = sourcecode.swift; path = WeatherServiceProtocol.swift; sourceTree = "<group>"; };
		A3010000000000000000000B /* WeatherService.swift */ = {isa = PBXFileReference; lastKnownFileType = sourcecode.swift; path = WeatherService.swift; sourceTree = "<group>"; };
		A3010000000000000000000C /* CitySearchView.swift */ = {isa = PBXFileReference; lastKnownFileType = sourcecode.swift; path = CitySearchView.swift; sourceTree = "<group>"; };
		A3010000000000000000000D /* CitySearchViewModel.swift */ = {isa = PBXFileReference; lastKnownFileType = sourcecode.swift; path = CitySearchViewModel.swift; sourceTree = "<group>"; };
		A3010000000000000000000E /* CurrentWeatherView.swift */ = {isa = PBXFileReference; lastKnownFileType = sourcecode.swift; path = CurrentWeatherView.swift; sourceTree = "<group>"; };
		A3010000000000000000000F /* CurrentWeatherViewModel.swift */ = {isa = PBXFileReference; lastKnownFileType = sourcecode.swift; path = CurrentWeatherViewModel.swift; sourceTree = "<group>"; };
		A30100000000000000000010 /* ForecastView.swift */ = {isa = PBXFileReference; lastKnownFileType = sourcecode.swift; path = ForecastView.swift; sourceTree = "<group>"; };
		A30100000000000000000011 /* ForecastViewModel.swift */ = {isa = PBXFileReference; lastKnownFileType = sourcecode.swift; path = ForecastViewModel.swift; sourceTree = "<group>"; };
		A30100000000000000000012 /* Assets.xcassets */ = {isa = PBXFileReference; lastKnownFileType = folder.assetcatalog; path = Assets.xcassets; sourceTree = "<group>"; };
		A30100000000000000000013 /* MockWeatherRepository.swift */ = {isa = PBXFileReference; lastKnownFileType = sourcecode.swift; path = MockWeatherRepository.swift; sourceTree = "<group>"; };
		A30100000000000000000014 /* MockWeatherService.swift */ = {isa = PBXFileReference; lastKnownFileType = sourcecode.swift; path = MockWeatherService.swift; sourceTree = "<group>"; };
		A30100000000000000000015 /* WeatherRepositoryTests.swift */ = {isa = PBXFileReference; lastKnownFileType = sourcecode.swift; path = WeatherRepositoryTests.swift; sourceTree = "<group>"; };
		A30100000000000000000016 /* WeatherServiceTests.swift */ = {isa = PBXFileReference; lastKnownFileType = sourcecode.swift; path = WeatherServiceTests.swift; sourceTree = "<group>"; };
		A30100000000000000000017 /* CurrentWeatherViewModelTests.swift */ = {isa = PBXFileReference; lastKnownFileType = sourcecode.swift; path = CurrentWeatherViewModelTests.swift; sourceTree = "<group>"; };
		A30100000000000000000018 /* ForecastViewModelTests.swift */ = {isa = PBXFileReference; lastKnownFileType = sourcecode.swift; path = ForecastViewModelTests.swift; sourceTree = "<group>"; };
		A30100000000000000000019 /* CitySearchViewModelTests.swift */ = {isa = PBXFileReference; lastKnownFileType = sourcecode.swift; path = CitySearchViewModelTests.swift; sourceTree = "<group>"; };
		A3010000000000000000001A /* AllTests.xctestplan */ = {isa = PBXFileReference; lastKnownFileType = text; path = AllTests.xctestplan; sourceTree = "<group>"; };
		A3010000000000000000001B /* RepositoryTests.xctestplan */ = {isa = PBXFileReference; lastKnownFileType = text; path = RepositoryTests.xctestplan; sourceTree = "<group>"; };
		A3010000000000000000001C /* ServiceTests.xctestplan */ = {isa = PBXFileReference; lastKnownFileType = text; path = ServiceTests.xctestplan; sourceTree = "<group>"; };
		A3010000000000000000001D /* ViewModelTests.xctestplan */ = {isa = PBXFileReference; lastKnownFileType = text; path = ViewModelTests.xctestplan; sourceTree = "<group>"; };
		A30100000000000000000020 /* App3-iOS.app */ = {isa = PBXFileReference; explicitFileType = wrapper.application; includeInIndex = 0; path = "App3-iOS.app"; sourceTree = BUILT_PRODUCTS_DIR; };
		A30100000000000000000021 /* App3-iOSTests.xctest */ = {isa = PBXFileReference; explicitFileType = wrapper.cfbundle; includeInIndex = 0; path = "App3-iOSTests.xctest"; sourceTree = BUILT_PRODUCTS_DIR; };
/* End PBXFileReference section */

/* Begin PBXFrameworksBuildPhase section */
		A30400000000000000000001 /* Frameworks */ = {
			isa = PBXFrameworksBuildPhase;
			buildActionMask = 2147483647;
			files = (
			);
			runOnlyForDeploymentPostprocessing = 0;
		};
		A30400000000000000000002 /* Frameworks */ = {
			isa = PBXFrameworksBuildPhase;
			buildActionMask = 2147483647;
			files = (
			);
			runOnlyForDeploymentPostprocessing = 0;
		};
/* End PBXFrameworksBuildPhase section */

/* Begin PBXGroup section */
		A30300000000000000000001 = {
			isa = PBXGroup;
			children = (
				A30300000000000000000002 /* App3-iOS */,
				A3030000000000000000000B /* App3-iOSTests */,
				A3030000000000000000000E /* TestPlans */,
				A3030000000000000000000D /* Products */,
			);
			sourceTree = "<group>";
		};
		A30300000000000000000002 /* App3-iOS */ = {
			isa = PBXGroup;
			children = (
				A30100000000000000000001 /* App3_iOSApp.swift */,
				A30100000000000000000002 /* DependencyContainer.swift */,
				A30300000000000000000003 /* Core */,
				A30300000000000000000007 /* Features */,
				A30100000000000000000012 /* Assets.xcassets */,
			);
			path = "App3-iOS";
			sourceTree = "<group>";
		};
		A30300000000000000000003 /* Core */ = {
			isa = PBXGroup;
			children = (
				A30300000000000000000004 /* Models */,
				A30300000000000000000005 /* Repositories */,
				A30300000000000000000006 /* Services */,
			);
			path = Core;
			sourceTree = "<group>";
		};
		A30300000000000000000004 /* Models */ = {
			isa = PBXGroup;
			children = (
				A30100000000000000000003 /* City.swift */,
				A30100000000000000000004 /* WeatherCondition.swift */,
				A30100000000000000000005 /* CurrentWeather.swift */,
				A30100000000000000000006 /* DailyForecast.swift */,
				A30100000000000000000007 /* WeeklyForecast.swift */,
			);
			path = Models;
			sourceTree = "<group>";
		};
		A30300000000000000000005 /* Repositories */ = {
			isa = PBXGroup;
			children = (
				A30100000000000000000008 /* WeatherRepositoryProtocol.swift */,
				A30100000000000000000009 /* WeatherSampleRepository.swift */,
			);
			path = Repositories;
			sourceTree = "<group>";
		};
		A30300000000000000000006 /* Services */ = {
			isa = PBXGroup;
			children = (
				A3010000000000000000000A /* WeatherServiceProtocol.swift */,
				A3010000000000000000000B /* WeatherService.swift */,
			);
			path = Services;
			sourceTree = "<group>";
		};
		A30300000000000000000007 /* Features */ = {
			isa = PBXGroup;
			children = (
				A30300000000000000000008 /* CitySearch */,
				A30300000000000000000009 /* CurrentWeather */,
				A3030000000000000000000A /* Forecast */,
			);
			path = Features;
			sourceTree = "<group>";
		};
		A30300000000000000000008 /* CitySearch */ = {
			isa = PBXGroup;
			children = (
				A3010000000000000000000C /* CitySearchView.swift */,
				A3010000000000000000000D /* CitySearchViewModel.swift */,
			);
			path = CitySearch;
			sourceTree = "<group>";
		};
		A30300000000000000000009 /* CurrentWeather */ = {
			isa = PBXGroup;
			children = (
				A3010000000000000000000E /* CurrentWeatherView.swift */,
				A3010000000000000000000F /* CurrentWeatherViewModel.swift */,
			);
			path = CurrentWeather;
			sourceTree = "<group>";
		};
		A3030000000000000000000A /* Forecast */ = {
			isa = PBXGroup;
			children = (
				A30100000000000000000010 /* ForecastView.swift */,
				A30100000000000000000011 /* ForecastViewModel.swift */,
			);
			path = Forecast;
			sourceTree = "<group>";
		};
		A3030000000000000000000B /* App3-iOSTests */ = {
			isa = PBXGroup;
			children = (
				A3030000000000000000000C /* Mocks */,
				A30100000000000000000015 /* WeatherRepositoryTests.swift */,
				A30100000000000000000016 /* WeatherServiceTests.swift */,
				A30100000000000000000017 /* CurrentWeatherViewModelTests.swift */,
				A30100000000000000000018 /* ForecastViewModelTests.swift */,
				A30100000000000000000019 /* CitySearchViewModelTests.swift */,
			);
			path = "App3-iOSTests";
			sourceTree = "<group>";
		};
		A3030000000000000000000C /* Mocks */ = {
			isa = PBXGroup;
			children = (
				A30100000000000000000013 /* MockWeatherRepository.swift */,
				A30100000000000000000014 /* MockWeatherService.swift */,
			);
			path = Mocks;
			sourceTree = "<group>";
		};
		A3030000000000000000000D /* Products */ = {
			isa = PBXGroup;
			children = (
				A30100000000000000000020 /* App3-iOS.app */,
				A30100000000000000000021 /* App3-iOSTests.xctest */,
			);
			name = Products;
			sourceTree = "<group>";
		};
		A3030000000000000000000E /* TestPlans */ = {
			isa = PBXGroup;
			children = (
				A3010000000000000000001A /* AllTests.xctestplan */,
				A3010000000000000000001B /* RepositoryTests.xctestplan */,
				A3010000000000000000001C /* ServiceTests.xctestplan */,
				A3010000000000000000001D /* ViewModelTests.xctestplan */,
			);
			path = TestPlans;
			sourceTree = "<group>";
		};
/* End PBXGroup section */

/* Begin PBXNativeTarget section */
		A30500000000000000000001 /* App3-iOS */ = {
			isa = PBXNativeTarget;
			buildConfigurationList = A30700000000000000000001 /* Build configuration list for PBXNativeTarget "App3-iOS" */;
			buildPhases = (
				A30400000000000000000001 /* Frameworks */,
				A30800000000000000000002 /* Sources */,
				A30800000000000000000003 /* Resources */,
			);
			buildRules = (
			);
			dependencies = (
			);
			name = "App3-iOS";
			productName = "App3-iOS";
			productReference = A30100000000000000000020 /* App3-iOS.app */;
			productType = "com.apple.product-type.application";
		};
		A30500000000000000000002 /* App3-iOSTests */ = {
			isa = PBXNativeTarget;
			buildConfigurationList = A30700000000000000000002 /* Build configuration list for PBXNativeTarget "App3-iOSTests" */;
			buildPhases = (
				A30400000000000000000002 /* Frameworks */,
				A30800000000000000000004 /* Sources */,
			);
			buildRules = (
			);
			dependencies = (
				A30900000000000000000001 /* PBXTargetDependency */,
			);
			name = "App3-iOSTests";
			productName = "App3-iOSTests";
			productReference = A30100000000000000000021 /* App3-iOSTests.xctest */;
			productType = "com.apple.product-type.bundle.unit-test";
		};
/* End PBXNativeTarget section */

/* Begin PBXProject section */
		A30800000000000000000001 /* Project object */ = {
			isa = PBXProject;
			attributes = {
				BuildIndependentTargetsInParallel = 1;
				LastSwiftUpdateCheck = 1600;
				LastUpgradeCheck = 1600;
				TargetAttributes = {
					A30500000000000000000001 = {
						CreatedOnToolsVersion = 16.0;
					};
					A30500000000000000000002 = {
						CreatedOnToolsVersion = 16.0;
						TestTargetID = A30500000000000000000001;
					};
				};
			};
			buildConfigurationList = A30700000000000000000003 /* Build configuration list for PBXProject "App3-iOS" */;
			compatibilityVersion = "Xcode 14.0";
			developmentRegion = de;
			hasScannedForEncodings = 0;
			knownRegions = (
				de,
				en,
				Base,
			);
			mainGroup = A30300000000000000000001;
			productRefGroup = A3030000000000000000000D /* Products */;
			projectDirPath = "";
			projectRoot = "";
			targets = (
				A30500000000000000000001 /* App3-iOS */,
				A30500000000000000000002 /* App3-iOSTests */,
			);
		};
/* End PBXProject section */

/* Begin PBXResourcesBuildPhase section */
		A30800000000000000000003 /* Resources */ = {
			isa = PBXResourcesBuildPhase;
			buildActionMask = 2147483647;
			files = (
				A30200000000000000000012 /* Assets.xcassets in Resources */,
			);
			runOnlyForDeploymentPostprocessing = 0;
		};
/* End PBXResourcesBuildPhase section */

/* Begin PBXSourcesBuildPhase section */
		A30800000000000000000002 /* Sources */ = {
			isa = PBXSourcesBuildPhase;
			buildActionMask = 2147483647;
			files = (
				A30200000000000000000001 /* App3_iOSApp.swift in Sources */,
				A30200000000000000000002 /* DependencyContainer.swift in Sources */,
				A30200000000000000000003 /* City.swift in Sources */,
				A30200000000000000000004 /* WeatherCondition.swift in Sources */,
				A30200000000000000000005 /* CurrentWeather.swift in Sources */,
				A30200000000000000000006 /* DailyForecast.swift in Sources */,
				A30200000000000000000007 /* WeeklyForecast.swift in Sources */,
				A30200000000000000000008 /* WeatherRepositoryProtocol.swift in Sources */,
				A30200000000000000000009 /* WeatherSampleRepository.swift in Sources */,
				A3020000000000000000000A /* WeatherServiceProtocol.swift in Sources */,
				A3020000000000000000000B /* WeatherService.swift in Sources */,
				A3020000000000000000000C /* CitySearchView.swift in Sources */,
				A3020000000000000000000D /* CitySearchViewModel.swift in Sources */,
				A3020000000000000000000E /* CurrentWeatherView.swift in Sources */,
				A3020000000000000000000F /* CurrentWeatherViewModel.swift in Sources */,
				A30200000000000000000010 /* ForecastView.swift in Sources */,
				A30200000000000000000011 /* ForecastViewModel.swift in Sources */,
			);
			runOnlyForDeploymentPostprocessing = 0;
		};
		A30800000000000000000004 /* Sources */ = {
			isa = PBXSourcesBuildPhase;
			buildActionMask = 2147483647;
			files = (
				A30200000000000000000013 /* MockWeatherRepository.swift in Sources */,
				A30200000000000000000014 /* MockWeatherService.swift in Sources */,
				A30200000000000000000015 /* WeatherRepositoryTests.swift in Sources */,
				A30200000000000000000016 /* WeatherServiceTests.swift in Sources */,
				A30200000000000000000017 /* CurrentWeatherViewModelTests.swift in Sources */,
				A30200000000000000000018 /* ForecastViewModelTests.swift in Sources */,
				A30200000000000000000019 /* CitySearchViewModelTests.swift in Sources */,
			);
			runOnlyForDeploymentPostprocessing = 0;
		};
/* End PBXSourcesBuildPhase section */

/* Begin PBXTargetDependency section */
		A30900000000000000000001 /* PBXTargetDependency */ = {
			isa = PBXTargetDependency;
			target = A30500000000000000000001 /* App3-iOS */;
			targetProxy = A30A00000000000000000001 /* PBXContainerItemProxy */;
		};
/* End PBXTargetDependency section */

/* Begin XCBuildConfiguration section */
		A30600000000000000000001 /* Debug */ = {
			isa = XCBuildConfiguration;
			buildSettings = {
				ALWAYS_SEARCH_USER_PATHS = NO;
				ASSETCATALOG_COMPILER_GENERATE_SWIFT_ASSET_SYMBOL_EXTENSIONS = YES;
				CLANG_ANALYZER_NONNULL = YES;
				CLANG_ANALYZER_NUMBER_OBJECT_CONVERSION = YES_AGGRESSIVE;
				CLANG_CXX_LANGUAGE_STANDARD = "gnu++20";
				CLANG_ENABLE_MODULES = YES;
				CLANG_ENABLE_OBJC_ARC = YES;
				CLANG_ENABLE_OBJC_WEAK = YES;
				CLANG_WARN_BLOCK_CAPTURE_AUTORELEASING = YES;
				CLANG_WARN_BOOL_CONVERSION = YES;
				CLANG_WARN_COMMA = YES;
				CLANG_WARN_CONSTANT_CONVERSION = YES;
				CLANG_WARN_DEPRECATED_OBJC_IMPLEMENTATIONS = YES;
				CLANG_WARN_DIRECT_OBJC_ISA_USAGE = YES_ERROR;
				CLANG_WARN_DOCUMENTATION_COMMENTS = YES;
				CLANG_WARN_EMPTY_BODY = YES;
				CLANG_WARN_ENUM_CONVERSION = YES;
				CLANG_WARN_INFINITE_RECURSION = YES;
				CLANG_WARN_INT_CONVERSION = YES;
				CLANG_WARN_NON_LITERAL_NULL_CONVERSION = YES;
				CLANG_WARN_OBJC_IMPLICIT_RETAIN_SELF = YES;
				CLANG_WARN_OBJC_LITERAL_CONVERSION = YES;
				CLANG_WARN_OBJC_ROOT_CLASS = YES_ERROR;
				CLANG_WARN_QUOTED_INCLUDE_IN_FRAMEWORK_HEADER = YES;
				CLANG_WARN_RANGE_LOOP_ANALYSIS = YES;
				CLANG_WARN_STRICT_PROTOTYPES = YES;
				CLANG_WARN_SUSPICIOUS_MOVE = YES;
				CLANG_WARN_UNGUARDED_AVAILABILITY = YES_AGGRESSIVE;
				CLANG_WARN_UNREACHABLE_CODE = YES;
				CLANG_WARN__DUPLICATE_METHOD_MATCH = YES;
				COPY_PHASE_STRIP = NO;
				DEBUG_INFORMATION_FORMAT = dwarf;
				ENABLE_STRICT_OBJC_MSGSEND = YES;
				ENABLE_TESTABILITY = YES;
				ENABLE_USER_SCRIPT_SANDBOXING = YES;
				GCC_C_LANGUAGE_STANDARD = gnu17;
				GCC_DYNAMIC_NO_PIC = NO;
				GCC_NO_COMMON_BLOCKS = YES;
				GCC_OPTIMIZATION_LEVEL = 0;
				GCC_PREPROCESSOR_DEFINITIONS = (
					"DEBUG=1",
					"$(inherited)",
				);
				GCC_WARN_64_TO_32_BIT_CONVERSION = YES;
				GCC_WARN_ABOUT_RETURN_TYPE = YES_ERROR;
				GCC_WARN_UNDECLARED_SELECTOR = YES;
				GCC_WARN_UNINITIALIZED_AUTOS = YES_AGGRESSIVE;
				GCC_WARN_UNUSED_FUNCTION = YES;
				GCC_WARN_UNUSED_VARIABLE = YES;
				IPHONEOS_DEPLOYMENT_TARGET = 17.0;
				MTL_ENABLE_DEBUG_INFO = INCLUDE_SOURCE;
				MTL_FAST_MATH = YES;
				ONLY_ACTIVE_ARCH = YES;
				SDKROOT = iphoneos;
				SWIFT_ACTIVE_COMPILATION_CONDITIONS = "DEBUG $(inherited)";
				SWIFT_OPTIMIZATION_LEVEL = "-Onone";
			};
			name = Debug;
		};
		A30600000000000000000002 /* Release */ = {
			isa = XCBuildConfiguration;
			buildSettings = {
				ALWAYS_SEARCH_USER_PATHS = NO;
				ASSETCATALOG_COMPILER_GENERATE_SWIFT_ASSET_SYMBOL_EXTENSIONS = YES;
				CLANG_ANALYZER_NONNULL = YES;
				CLANG_ANALYZER_NUMBER_OBJECT_CONVERSION = YES_AGGRESSIVE;
				CLANG_CXX_LANGUAGE_STANDARD = "gnu++20";
				CLANG_ENABLE_MODULES = YES;
				CLANG_ENABLE_OBJC_ARC = YES;
				CLANG_ENABLE_OBJC_WEAK = YES;
				CLANG_WARN_BLOCK_CAPTURE_AUTORELEASING = YES;
				CLANG_WARN_BOOL_CONVERSION = YES;
				CLANG_WARN_COMMA = YES;
				CLANG_WARN_CONSTANT_CONVERSION = YES;
				CLANG_WARN_DEPRECATED_OBJC_IMPLEMENTATIONS = YES;
				CLANG_WARN_DIRECT_OBJC_ISA_USAGE = YES_ERROR;
				CLANG_WARN_DOCUMENTATION_COMMENTS = YES;
				CLANG_WARN_EMPTY_BODY = YES;
				CLANG_WARN_ENUM_CONVERSION = YES;
				CLANG_WARN_INFINITE_RECURSION = YES;
				CLANG_WARN_INT_CONVERSION = YES;
				CLANG_WARN_NON_LITERAL_NULL_CONVERSION = YES;
				CLANG_WARN_OBJC_IMPLICIT_RETAIN_SELF = YES;
				CLANG_WARN_OBJC_LITERAL_CONVERSION = YES;
				CLANG_WARN_OBJC_ROOT_CLASS = YES_ERROR;
				CLANG_WARN_QUOTED_INCLUDE_IN_FRAMEWORK_HEADER = YES;
				CLANG_WARN_RANGE_LOOP_ANALYSIS = YES;
				CLANG_WARN_STRICT_PROTOTYPES = YES;
				CLANG_WARN_SUSPICIOUS_MOVE = YES;
				CLANG_WARN_UNGUARDED_AVAILABILITY = YES_AGGRESSIVE;
				CLANG_WARN_UNREACHABLE_CODE = YES;
				CLANG_WARN__DUPLICATE_METHOD_MATCH = YES;
				COPY_PHASE_STRIP = NO;
				DEBUG_INFORMATION_FORMAT = "dwarf-with-dsym";
				ENABLE_NS_ASSERTIONS = NO;
				ENABLE_STRICT_OBJC_MSGSEND = YES;
				ENABLE_USER_SCRIPT_SANDBOXING = YES;
				GCC_C_LANGUAGE_STANDARD = gnu17;
				GCC_NO_COMMON_BLOCKS = YES;
				GCC_WARN_64_TO_32_BIT_CONVERSION = YES;
				GCC_WARN_ABOUT_RETURN_TYPE = YES_ERROR;
				GCC_WARN_UNDECLARED_SELECTOR = YES;
				GCC_WARN_UNINITIALIZED_AUTOS = YES_AGGRESSIVE;
				GCC_WARN_UNUSED_FUNCTION = YES;
				GCC_WARN_UNUSED_VARIABLE = YES;
				IPHONEOS_DEPLOYMENT_TARGET = 17.0;
				MTL_FAST_MATH = YES;
				SDKROOT = iphoneos;
				SWIFT_COMPILATION_MODE = wholemodule;
				VALIDATE_PRODUCT = YES;
			};
			name = Release;
		};
		A30600000000000000000003 /* Debug */ = {
			isa = XCBuildConfiguration;
			buildSettings = {
				ASSETCATALOG_COMPILER_APPICON_NAME = AppIcon;
				ASSETCATALOG_COMPILER_GLOBAL_ACCENT_COLOR_NAME = AccentColor;
				CODE_SIGN_STYLE = Automatic;
				CURRENT_PROJECT_VERSION = 1;
				DEVELOPMENT_ASSET_PATHS = "";
				DEVELOPMENT_TEAM = RA49YSKNYN;
				ENABLE_PREVIEWS = YES;
				GENERATE_INFOPLIST_FILE = YES;
				INFOPLIST_KEY_UIApplicationSceneManifest_Generation = YES;
				INFOPLIST_KEY_UIApplicationSupportsIndirectInputEvents = YES;
				INFOPLIST_KEY_UILaunchScreen_Generation = YES;
				INFOPLIST_KEY_UISupportedInterfaceOrientations_iPad = "UIInterfaceOrientationPortrait UIInterfaceOrientationPortraitUpsideDown UIInterfaceOrientationLandscapeLeft UIInterfaceOrientationLandscapeRight";
				INFOPLIST_KEY_UISupportedInterfaceOrientations_iPhone = "UIInterfaceOrientationPortrait UIInterfaceOrientationLandscapeLeft UIInterfaceOrientationLandscapeRight";
				IPHONEOS_DEPLOYMENT_TARGET = 17.0;
				LD_RUNPATH_SEARCH_PATHS = (
					"$(inherited)",
					"@executable_path/Frameworks",
				);
				MARKETING_VERSION = 1.0;
				PRODUCT_BUNDLE_IDENTIFIER = net.drapatz.referenzApp3;
				PRODUCT_NAME = "$(TARGET_NAME)";
				SUPPORTED_PLATFORMS = "iphoneos iphonesimulator";
				SUPPORTS_MACCATALYST = NO;
				SWIFT_EMIT_LOC_STRINGS = YES;
				SWIFT_VERSION = 5.0;
				TARGETED_DEVICE_FAMILY = "1,2";
			};
			name = Debug;
		};
		A30600000000000000000004 /* Release */ = {
			isa = XCBuildConfiguration;
			buildSettings = {
				ASSETCATALOG_COMPILER_APPICON_NAME = AppIcon;
				ASSETCATALOG_COMPILER_GLOBAL_ACCENT_COLOR_NAME = AccentColor;
				CODE_SIGN_STYLE = Automatic;
				CURRENT_PROJECT_VERSION = 1;
				DEVELOPMENT_ASSET_PATHS = "";
				DEVELOPMENT_TEAM = RA49YSKNYN;
				ENABLE_PREVIEWS = YES;
				GENERATE_INFOPLIST_FILE = YES;
				INFOPLIST_KEY_UIApplicationSceneManifest_Generation = YES;
				INFOPLIST_KEY_UIApplicationSupportsIndirectInputEvents = YES;
				INFOPLIST_KEY_UILaunchScreen_Generation = YES;
				INFOPLIST_KEY_UISupportedInterfaceOrientations_iPad = "UIInterfaceOrientationPortrait UIInterfaceOrientationPortraitUpsideDown UIInterfaceOrientationLandscapeLeft UIInterfaceOrientationLandscapeRight";
				INFOPLIST_KEY_UISupportedInterfaceOrientations_iPhone = "UIInterfaceOrientationPortrait UIInterfaceOrientationLandscapeLeft UIInterfaceOrientationLandscapeRight";
				IPHONEOS_DEPLOYMENT_TARGET = 17.0;
				LD_RUNPATH_SEARCH_PATHS = (
					"$(inherited)",
					"@executable_path/Frameworks",
				);
				MARKETING_VERSION = 1.0;
				PRODUCT_BUNDLE_IDENTIFIER = net.drapatz.referenzApp3;
				PRODUCT_NAME = "$(TARGET_NAME)";
				SUPPORTED_PLATFORMS = "iphoneos iphonesimulator";
				SUPPORTS_MACCATALYST = NO;
				SWIFT_EMIT_LOC_STRINGS = YES;
				SWIFT_VERSION = 5.0;
				TARGETED_DEVICE_FAMILY = "1,2";
			};
			name = Release;
		};
		A30600000000000000000005 /* Debug */ = {
			isa = XCBuildConfiguration;
			buildSettings = {
				BUNDLE_LOADER = "$(TEST_HOST)";
				"CODE_SIGN_IDENTITY[sdk=macosx*]" = "Apple Development";
				CODE_SIGN_STYLE = Automatic;
				CURRENT_PROJECT_VERSION = 1;
				DEVELOPMENT_TEAM = RA49YSKNYN;
				GENERATE_INFOPLIST_FILE = YES;
				IPHONEOS_DEPLOYMENT_TARGET = 17.0;
				MARKETING_VERSION = 1.0;
				PRODUCT_BUNDLE_IDENTIFIER = net.drapatz.referenzApp3.tests;
				PRODUCT_NAME = "$(TARGET_NAME)";
				SUPPORTED_PLATFORMS = "iphoneos iphonesimulator";
				SWIFT_VERSION = 5.0;
				TARGETED_DEVICE_FAMILY = "1,2";
				TEST_HOST = "$(BUILT_PRODUCTS_DIR)/App3-iOS.app/$(BUNDLE_EXECUTABLE_FOLDER_PATH)/App3-iOS";
			};
			name = Debug;
		};
		A30600000000000000000006 /* Release */ = {
			isa = XCBuildConfiguration;
			buildSettings = {
				BUNDLE_LOADER = "$(TEST_HOST)";
				"CODE_SIGN_IDENTITY[sdk=macosx*]" = "Apple Development";
				CODE_SIGN_STYLE = Automatic;
				CURRENT_PROJECT_VERSION = 1;
				DEVELOPMENT_TEAM = RA49YSKNYN;
				GENERATE_INFOPLIST_FILE = YES;
				IPHONEOS_DEPLOYMENT_TARGET = 17.0;
				MARKETING_VERSION = 1.0;
				PRODUCT_BUNDLE_IDENTIFIER = net.drapatz.referenzApp3.tests;
				PRODUCT_NAME = "$(TARGET_NAME)";
				SUPPORTED_PLATFORMS = "iphoneos iphonesimulator";
				SWIFT_VERSION = 5.0;
				TARGETED_DEVICE_FAMILY = "1,2";
				TEST_HOST = "$(BUILT_PRODUCTS_DIR)/App3-iOS.app/$(BUNDLE_EXECUTABLE_FOLDER_PATH)/App3-iOS";
			};
			name = Release;
		};
/* End XCBuildConfiguration section */

/* Begin XCConfigurationList section */
		A30700000000000000000001 /* Build configuration list for PBXNativeTarget "App3-iOS" */ = {
			isa = XCConfigurationList;
			buildConfigurations = (
				A30600000000000000000003 /* Debug */,
				A30600000000000000000004 /* Release */,
			);
			defaultConfigurationIsVisible = 0;
			defaultConfigurationName = Release;
		};
		A30700000000000000000002 /* Build configuration list for PBXNativeTarget "App3-iOSTests" */ = {
			isa = XCConfigurationList;
			buildConfigurations = (
				A30600000000000000000005 /* Debug */,
				A30600000000000000000006 /* Release */,
			);
			defaultConfigurationIsVisible = 0;
			defaultConfigurationName = Release;
		};
		A30700000000000000000003 /* Build configuration list for PBXProject "App3-iOS" */ = {
			isa = XCConfigurationList;
			buildConfigurations = (
				A30600000000000000000001 /* Debug */,
				A30600000000000000000002 /* Release */,
			);
			defaultConfigurationIsVisible = 0;
			defaultConfigurationName = Release;
		};
/* End XCConfigurationList section */
	};
	rootObject = A30800000000000000000001 /* Project object */;
}
